
Microsoft Visual Studio Solution File, Format Version 12.00
# Visual Studio Version 17
VisualStudioVersion = 17.5.002.0
MinimumVisualStudioVersion = 10.0.40219.1
Project("{9A19103F-16F7-4668-BE54-9A1E7A4F7556}") = "calculadora", "Calculadora\calculadora.csproj", "{BE6D7A04-09EC-4FFE-A13F-A4C9943BE2A9}"
EndProject
Project("{9A19103F-16F7-4668-BE54-9A1E7A4F7556}") = "calculadoraTestes", "CalculadoraTestes\calculadoraTestes.csproj", "{B4295290-EDE6-475D-92C6-26D7F086E035}"
EndProject
Global
	GlobalSection(SolutionConfigurationPlatforms) = preSolution
		Debug|Any CPU = Debug|Any CPU
		Release|Any CPU = Release|Any CPU
	EndGlobalSection
	GlobalSection(ProjectConfigurationPlatforms) = postSolution
		{BE6D7A04-09EC-4FFE-A13F-A4C9943BE2A9}.Debug|Any CPU.ActiveCfg = Debug|Any CPU
		{BE6D7A04-09EC-4FFE-A13F-A4C9943BE2A9}.Debug|Any CPU.Build.0 = Debug|Any CPU
		{BE6D7A04-09EC-4FFE-A13F-A4C9943BE2A9}.Release|Any CPU.ActiveCfg = Release|Any CPU
		{BE6D7A04-09EC-4FFE-A13F-A4C9943BE2A9}.Release|Any CPU.Build.0 = Release|Any CPU
		{B4295290-EDE6-475D-92C6-26D7F086E035}.Debug|Any CPU.ActiveCfg = Debug|Any CPU
		{B4295290-EDE6-475D-92C6-26D7F086E035}.Debug|Any CPU.Build.0 = Debug|Any CPU
		{B4295290-EDE6-475D-92C6-26D7F086E035}.Release|Any CPU.ActiveCfg = Release|Any CPU
		{B4295290-EDE6-475D-92C6-26D7F086E035}.Release|Any CPU.Build.0 = Release|Any CPU
	EndGlobalSection
	GlobalSection(SolutionProperties) = preSolution
		HideSolutionNode = FALSE
	EndGlobalSection
	GlobalSection(ExtensibilityGlobals) = postSolution
		SolutionGuid = {7C2DE237-B744-478F-8791-1C98457B5943}
	EndGlobalSection
EndGlobal
