
Microsoft Visual Studio Solution File, Format Version 12.00
# Visual Studio Version 17
VisualStudioVersion = 17.0.31903.59
MinimumVisualStudioVersion = 10.0.40219.1
Project("{FAE04EC0-301F-11D3-BF4B-00C04F79EFBC}") = "EstacionamentoTestes", "EstacionamentoTestes\EstacionamentoTestes.csproj", "{E4CC50ED-3B35-49B2-A7A9-EBD20AFF4437}"
EndProject
Project("{FAE04EC0-301F-11D3-BF4B-00C04F79EFBC}") = "Estacionamento", "Estacionamento\Estacionamento.csproj", "{591226FF-29BF-4A58-8BDC-36E0D3744E71}"
EndProject
Global
	GlobalSection(SolutionConfigurationPlatforms) = preSolution
		Debug|Any CPU = Debug|Any CPU
		Release|Any CPU = Release|Any CPU
	EndGlobalSection
	GlobalSection(SolutionProperties) = preSolution
		HideSolutionNode = FALSE
	EndGlobalSection
	GlobalSection(ProjectConfigurationPlatforms) = postSolution
		{E4CC50ED-3B35-49B2-A7A9-EBD20AFF4437}.Debug|Any CPU.ActiveCfg = Debug|Any CPU
		{E4CC50ED-3B35-49B2-A7A9-EBD20AFF4437}.Debug|Any CPU.Build.0 = Debug|Any CPU
		{E4CC50ED-3B35-49B2-A7A9-EBD20AFF4437}.Release|Any CPU.ActiveCfg = Release|Any CPU
		{E4CC50ED-3B35-49B2-A7A9-EBD20AFF4437}.Release|Any CPU.Build.0 = Release|Any CPU
		{591226FF-29BF-4A58-8BDC-36E0D3744E71}.Debug|Any CPU.ActiveCfg = Debug|Any CPU
		{591226FF-29BF-4A58-8BDC-36E0D3744E71}.Debug|Any CPU.Build.0 = Debug|Any CPU
		{591226FF-29BF-4A58-8BDC-36E0D3744E71}.Release|Any CPU.ActiveCfg = Release|Any CPU
		{591226FF-29BF-4A58-8BDC-36E0D3744E71}.Release|Any CPU.Build.0 = Release|Any CPU
	EndGlobalSection
EndGlobal
